
Microsoft Visual Studio Solution File, Format Version 12.00
# Visual Studio Version 16
VisualStudioVersion = 16.0.29613.14
MinimumVisualStudioVersion = 10.0.40219.1
Project("{FAE04EC0-301F-11D3-BF4B-00C04F79EFBC}") = "VisualStudio-GitDemo", "VisualStudio-GitDemo.csproj", "{B9279B8B-51E7-4BD7-80B0-904EA3CD4E6C}"
EndProject
Global
	GlobalSection(SolutionConfigurationPlatforms) = preSolution
		Debug|Any CPU = Debug|Any CPU
		Release|Any CPU = Release|Any CPU
	EndGlobalSection
	GlobalSection(ProjectConfigurationPlatforms) = postSolution
		{B9279B8B-51E7-4BD7-80B0-904EA3CD4E6C}.Debug|Any CPU.ActiveCfg = Debug|Any CPU
		{B9279B8B-51E7-4BD7-80B0-904EA3CD4E6C}.Debug|Any CPU.Build.0 = Debug|Any CPU
		{B9279B8B-51E7-4BD7-80B0-904EA3CD4E6C}.Release|Any CPU.ActiveCfg = Release|Any CPU
		{B9279B8B-51E7-4BD7-80B0-904EA3CD4E6C}.Release|Any CPU.Build.0 = Release|Any CPU
	EndGlobalSection
	GlobalSection(SolutionProperties) = preSolution
		HideSolutionNode = FALSE
	EndGlobalSection
	GlobalSection(ExtensibilityGlobals) = postSolution
		SolutionGuid = {68F9894C-81CF-422C-A926-82001863B1F3}
	EndGlobalSection
EndGlobal
